// !$*UTF8*$!
{
	archiveVersion = 1;
	classes = {
	};
	objectVersion = 50;
	objects = {

/* Begin PBXBuildFile section */
		18F94EE4231D617600AB8287 /* AppDelegate.swift in Sources */ = {isa = PBXBuildFile; fileRef = 18F94EE3231D617600AB8287 /* AppDelegate.swift */; };
		18F94EE6231D617600AB8287 /* ViewController.swift in Sources */ = {isa = PBXBuildFile; fileRef = 18F94EE5231D617600AB8287 /* ViewController.swift */; };
		18F94EE9231D617600AB8287 /* Main.storyboard in Resources */ = {isa = PBXBuildFile; fileRef = 18F94EE7231D617600AB8287 /* Main.storyboard */; };
		18F94EEB231D617700AB8287 /* Assets.xcassets in Resources */ = {isa = PBXBuildFile; fileRef = 18F94EEA231D617700AB8287 /* Assets.xcassets */; };
		18F94EEE231D617700AB8287 /* LaunchScreen.storyboard in Resources */ = {isa = PBXBuildFile; fileRef = 18F94EEC231D617700AB8287 /* LaunchScreen.storyboard */; };
		18F94EF7231D61DD00AB8287 /* VideoInfo.swift in Sources */ = {isa = PBXBuildFile; fileRef = 18F94EF6231D61DD00AB8287 /* VideoInfo.swift */; };
		18F94EFA231D620100AB8287 /* Constants.swift in Sources */ = {isa = PBXBuildFile; fileRef = 18F94EF9231D620100AB8287 /* Constants.swift */; };
		18F94EFD231D624900AB8287 /* VideoTableViewCell.swift in Sources */ = {isa = PBXBuildFile; fileRef = 18F94EFC231D624900AB8287 /* VideoTableViewCell.swift */; };
		18F94F00231D629200AB8287 /* ImageViewExtension.swift in Sources */ = {isa = PBXBuildFile; fileRef = 18F94EFF231D629200AB8287 /* ImageViewExtension.swift */; };
/* End PBXBuildFile section */

/* Begin PBXFileReference section */
		18F94EE0231D617600AB8287 /* VideoPlayer.app */ = {isa = PBXFileReference; explicitFileType = wrapper.application; includeInIndex = 0; path = VideoPlayer.app; sourceTree = BUILT_PRODUCTS_DIR; };
		18F94EE3231D617600AB8287 /* AppDelegate.swift */ = {isa = PBXFileReference; lastKnownFileType = sourcecode.swift; path = AppDelegate.swift; sourceTree = "<group>"; };
		18F94EE5231D617600AB8287 /* ViewController.swift */ = {isa = PBXFileReference; lastKnownFileType = sourcecode.swift; path = ViewController.swift; sourceTree = "<group>"; };
		18F94EE8231D617600AB8287 /* Base */ = {isa = PBXFileReference; lastKnownFileType = file.storyboard; name = Base; path = Base.lproj/Main.storyboard; sourceTree = "<group>"; };
		18F94EEA231D617700AB8287 /* Assets.xcassets */ = {isa = PBXFileReference; lastKnownFileType = folder.assetcatalog; path = Assets.xcassets; sourceTree = "<group>"; };
		18F94EED231D617700AB8287 /* Base */ = {isa = PBXFileReference; lastKnownFileType = file.storyboard; name = Base; path = Base.lproj/LaunchScreen.storyboard; sourceTree = "<group>"; };
		18F94EEF231D617700AB8287 /* Info.plist */ = {isa = PBXFileReference; lastKnownFileType = text.plist.xml; path = Info.plist; sourceTree = "<group>"; };
		18F94EF6231D61DD00AB8287 /* VideoInfo.swift */ = {isa = PBXFileReference; lastKnownFileType = sourcecode.swift; path = VideoInfo.swift; sourceTree = "<group>"; };
		18F94EF9231D620100AB8287 /* Constants.swift */ = {isa = PBXFileReference; lastKnownFileType = sourcecode.swift; path = Constants.swift; sourceTree = "<group>"; };
		18F94EFC231D624900AB8287 /* VideoTableViewCell.swift */ = {isa = PBXFileReference; lastKnownFileType = sourcecode.swift; path = VideoTableViewCell.swift; sourceTree = "<group>"; };
		18F94EFF231D629200AB8287 /* ImageViewExtension.swift */ = {isa = PBXFileReference; lastKnownFileType = sourcecode.swift; path = ImageViewExtension.swift; sourceTree = "<group>"; };
/* End PBXFileReference section */

/* Begin PBXFrameworksBuildPhase section */
		18F94EDD231D617600AB8287 /* Frameworks */ = {
			isa = PBXFrameworksBuildPhase;
			buildActionMask = 2147483647;
			files = (
			);
			runOnlyForDeploymentPostprocessing = 0;
		};
/* End PBXFrameworksBuildPhase section */

/* Begin PBXGroup section */
		18F94ED7231D617600AB8287 = {
			isa = PBXGroup;
			children = (
				18F94EE2231D617600AB8287 /* VideoPlayer */,
				18F94EE1231D617600AB8287 /* Products */,
			);
			sourceTree = "<group>";
		};
		18F94EE1231D617600AB8287 /* Products */ = {
			isa = PBXGroup;
			children = (
				18F94EE0231D617600AB8287 /* VideoPlayer.app */,
			);
			name = Products;
			sourceTree = "<group>";
		};
		18F94EE2231D617600AB8287 /* VideoPlayer */ = {
			isa = PBXGroup;
			children = (
				18F94EE3231D617600AB8287 /* AppDelegate.swift */,
				18F94EE5231D617600AB8287 /* ViewController.swift */,
				18F94EFE231D625F00AB8287 /* Extension */,
				18F94EFB231D621700AB8287 /* CustomCell */,
				18F94EF8231D61EE00AB8287 /* Constants */,
				18F94EF5231D61CB00AB8287 /* Model */,
				18F94EE7231D617600AB8287 /* Main.storyboard */,
				18F94EEA231D617700AB8287 /* Assets.xcassets */,
				18F94EEC231D617700AB8287 /* LaunchScreen.storyboard */,
				18F94EEF231D617700AB8287 /* Info.plist */,
			);
			path = VideoPlayer;
			sourceTree = "<group>";
		};
		18F94EF5231D61CB00AB8287 /* Model */ = {
			isa = PBXGroup;
			children = (
				18F94EF6231D61DD00AB8287 /* VideoInfo.swift */,
			);
			path = Model;
			sourceTree = "<group>";
		};
		18F94EF8231D61EE00AB8287 /* Constants */ = {
			isa = PBXGroup;
			children = (
				18F94EF9231D620100AB8287 /* Constants.swift */,
			);
			path = Constants;
			sourceTree = "<group>";
		};
		18F94EFB231D621700AB8287 /* CustomCell */ = {
			isa = PBXGroup;
			children = (
				18F94EFC231D624900AB8287 /* VideoTableViewCell.swift */,
			);
			path = CustomCell;
			sourceTree = "<group>";
		};
		18F94EFE231D625F00AB8287 /* Extension */ = {
			isa = PBXGroup;
			children = (
				18F94EFF231D629200AB8287 /* ImageViewExtension.swift */,
			);
			path = Extension;
			sourceTree = "<group>";
		};
/* End PBXGroup section */

/* Begin PBXNativeTarget section */
		18F94EDF231D617600AB8287 /* VideoPlayer */ = {
			isa = PBXNativeTarget;
			buildConfigurationList = 18F94EF2231D617700AB8287 /* Build configuration list for PBXNativeTarget "VideoPlayer" */;
			buildPhases = (
				18F94EDC231D617600AB8287 /* Sources */,
				18F94EDD231D617600AB8287 /* Frameworks */,
				18F94EDE231D617600AB8287 /* Resources */,
			);
			buildRules = (
			);
			dependencies = (
			);
			name = VideoPlayer;
			productName = VideoPlayer;
			productReference = 18F94EE0231D617600AB8287 /* VideoPlayer.app */;
			productType = "com.apple.product-type.application";
		};
/* End PBXNativeTarget section */

/* Begin PBXProject section */
		18F94ED8231D617600AB8287 /* Project object */ = {
			isa = PBXProject;
			attributes = {
				LastSwiftUpdateCheck = 1020;
				LastUpgradeCheck = 1020;
				ORGANIZATIONNAME = Swiftter;
				TargetAttributes = {
					18F94EDF231D617600AB8287 = {
						CreatedOnToolsVersion = 10.2;
					};
				};
			};
			buildConfigurationList = 18F94EDB231D617600AB8287 /* Build configuration list for PBXProject "VideoPlayer" */;
			compatibilityVersion = "Xcode 9.3";
			developmentRegion = en;
			hasScannedForEncodings = 0;
			knownRegions = (
				en,
				Base,
			);
			mainGroup = 18F94ED7231D617600AB8287;
			productRefGroup = 18F94EE1231D617600AB8287 /* Products */;
			projectDirPath = "";
			projectRoot = "";
			targets = (
				18F94EDF231D617600AB8287 /* VideoPlayer */,
			);
		};
/* End PBXProject section */

/* Begin PBXResourcesBuildPhase section */
		18F94EDE231D617600AB8287 /* Resources */ = {
			isa = PBXResourcesBuildPhase;
			buildActionMask = 2147483647;
			files = (
				18F94EEE231D617700AB8287 /* LaunchScreen.storyboard in Resources */,
				18F94EEB231D617700AB8287 /* Assets.xcassets in Resources */,
				18F94EE9231D617600AB8287 /* Main.storyboard in Resources */,
			);
			runOnlyForDeploymentPostprocessing = 0;
		};
/* End PBXResourcesBuildPhase section */

/* Begin PBXSourcesBuildPhase section */
		18F94EDC231D617600AB8287 /* Sources */ = {
			isa = PBXSourcesBuildPhase;
			buildActionMask = 2147483647;
			files = (
				18F94EF7231D61DD00AB8287 /* VideoInfo.swift in Sources */,
				18F94EE6231D617600AB8287 /* ViewController.swift in Sources */,
				18F94EE4231D617600AB8287 /* AppDelegate.swift in Sources */,
				18F94EFA231D620100AB8287 /* Constants.swift in Sources */,
				18F94F00231D629200AB8287 /* ImageViewExtension.swift in Sources */,
				18F94EFD231D624900AB8287 /* VideoTableViewCell.swift in Sources */,
			);
			runOnlyForDeploymentPostprocessing = 0;
		};
/* End PBXSourcesBuildPhase section */

/* Begin PBXVariantGroup section */
		18F94EE7231D617600AB8287 /* Main.storyboard */ = {
			isa = PBXVariantGroup;
			children = (
				18F94EE8231D617600AB8287 /* Base */,
			);
			name = Main.storyboard;
			sourceTree = "<group>";
		};
		18F94EEC231D617700AB8287 /* LaunchScreen.storyboard */ = {
			isa = PBXVariantGroup;
			children = (
				18F94EED231D617700AB8287 /* Base */,
			);
			name = LaunchScreen.storyboard;
			sourceTree = "<group>";
		};
/* End PBXVariantGroup section */

/* Begin XCBuildConfiguration section */
		18F94EF0231D617700AB8287 /* Debug */ = {
			isa = XCBuildConfiguration;
			buildSettings = {
				ALWAYS_SEARCH_USER_PATHS = NO;
				CLANG_ANALYZER_NONNULL = YES;
				CLANG_ANALYZER_NUMBER_OBJECT_CONVERSION = YES_AGGRESSIVE;
				CLANG_CXX_LANGUAGE_STANDARD = "gnu++14";
				CLANG_CXX_LIBRARY = "libc++";
				CLANG_ENABLE_MODULES = YES;
				CLANG_ENABLE_OBJC_ARC = YES;
				CLANG_ENABLE_OBJC_WEAK = YES;
				CLANG_WARN_BLOCK_CAPTURE_AUTORELEASING = YES;
				CLANG_WARN_BOOL_CONVERSION = YES;
				CLANG_WARN_COMMA = YES;
				CLANG_WARN_CONSTANT_CONVERSION = YES;
				CLANG_WARN_DEPRECATED_OBJC_IMPLEMENTATIONS = YES;
				CLANG_WARN_DIRECT_OBJC_ISA_USAGE = YES_ERROR;
				CLANG_WARN_DOCUMENTATION_COMMENTS = YES;
				CLANG_WARN_EMPTY_BODY = YES;
				CLANG_WARN_ENUM_CONVERSION = YES;
				CLANG_WARN_INFINITE_RECURSION = YES;
				CLANG_WARN_INT_CONVERSION = YES;
				CLANG_WARN_NON_LITERAL_NULL_CONVERSION = YES;
				CLANG_WARN_OBJC_IMPLICIT_RETAIN_SELF = YES;
				CLANG_WARN_OBJC_LITERAL_CONVERSION = YES;
				CLANG_WARN_OBJC_ROOT_CLASS = YES_ERROR;
				CLANG_WARN_RANGE_LOOP_ANALYSIS = YES;
				CLANG_WARN_STRICT_PROTOTYPES = YES;
				CLANG_WARN_SUSPICIOUS_MOVE = YES;
				CLANG_WARN_UNGUARDED_AVAILABILITY = YES_AGGRESSIVE;
				CLANG_WARN_UNREACHABLE_CODE = YES;
				CLANG_WARN__DUPLICATE_METHOD_MATCH = YES;
				CODE_SIGN_IDENTITY = "iPhone Developer";
				COPY_PHASE_STRIP = NO;
				DEBUG_INFORMATION_FORMAT = dwarf;
				ENABLE_STRICT_OBJC_MSGSEND = YES;
				ENABLE_TESTABILITY = YES;
				GCC_C_LANGUAGE_STANDARD = gnu11;
				GCC_DYNAMIC_NO_PIC = NO;
				GCC_NO_COMMON_BLOCKS = YES;
				GCC_OPTIMIZATION_LEVEL = 0;
				GCC_PREPROCESSOR_DEFINITIONS = (
					"DEBUG=1",
					"$(inherited)",
				);
				GCC_WARN_64_TO_32_BIT_CONVERSION = YES;
				GCC_WARN_ABOUT_RETURN_TYPE = YES_ERROR;
				GCC_WARN_UNDECLARED_SELECTOR = YES;
				GCC_WARN_UNINITIALIZED_AUTOS = YES_AGGRESSIVE;
				GCC_WARN_UNUSED_FUNCTION = YES;
				GCC_WARN_UNUSED_VARIABLE = YES;
				IPHONEOS_DEPLOYMENT_TARGET = 12.2;
				MTL_ENABLE_DEBUG_INFO = INCLUDE_SOURCE;
				MTL_FAST_MATH = YES;
				ONLY_ACTIVE_ARCH = YES;
				SDKROOT = iphoneos;
				SWIFT_ACTIVE_COMPILATION_CONDITIONS = DEBUG;
				SWIFT_OPTIMIZATION_LEVEL = "-Onone";
			};
			name = Debug;
		};
		18F94EF1231D617700AB8287 /* Release */ = {
			isa = XCBuildConfiguration;
			buildSettings = {
				ALWAYS_SEARCH_USER_PATHS = NO;
				CLANG_ANALYZER_NONNULL = YES;
				CLANG_ANALYZER_NUMBER_OBJECT_CONVERSION = YES_AGGRESSIVE;
				CLANG_CXX_LANGUAGE_STANDARD = "gnu++14";
				CLANG_CXX_LIBRARY = "libc++";
				CLANG_ENABLE_MODULES = YES;
				CLANG_ENABLE_OBJC_ARC = YES;
				CLANG_ENABLE_OBJC_WEAK = YES;
				CLANG_WARN_BLOCK_CAPTURE_AUTORELEASING = YES;
				CLANG_WARN_BOOL_CONVERSION = YES;
				CLANG_WARN_COMMA = YES;
				CLANG_WARN_CONSTANT_CONVERSION = YES;
				CLANG_WARN_DEPRECATED_OBJC_IMPLEMENTATIONS = YES;
				CLANG_WARN_DIRECT_OBJC_ISA_USAGE = YES_ERROR;
				CLANG_WARN_DOCUMENTATION_COMMENTS = YES;
				CLANG_WARN_EMPTY_BODY = YES;
				CLANG_WARN_ENUM_CONVERSION = YES;
				CLANG_WARN_INFINITE_RECURSION = YES;
				CLANG_WARN_INT_CONVERSION = YES;
				CLANG_WARN_NON_LITERAL_NULL_CONVERSION = YES;
				CLANG_WARN_OBJC_IMPLICIT_RETAIN_SELF = YES;
				CLANG_WARN_OBJC_LITERAL_CONVERSION = YES;
				CLANG_WARN_OBJC_ROOT_CLASS = YES_ERROR;
				CLANG_WARN_RANGE_LOOP_ANALYSIS = YES;
				CLANG_WARN_STRICT_PROTOTYPES = YES;
				CLANG_WARN_SUSPICIOUS_MOVE = YES;
				CLANG_WARN_UNGUARDED_AVAILABILITY = YES_AGGRESSIVE;
				CLANG_WARN_UNREACHABLE_CODE = YES;
				CLANG_WARN__DUPLICATE_METHOD_MATCH = YES;
				CODE_SIGN_IDENTITY = "iPhone Developer";
				COPY_PHASE_STRIP = NO;
				DEBUG_INFORMATION_FORMAT = "dwarf-with-dsym";
				ENABLE_NS_ASSERTIONS = NO;
				ENABLE_STRICT_OBJC_MSGSEND = YES;
				GCC_C_LANGUAGE_STANDARD = gnu11;
				GCC_NO_COMMON_BLOCKS = YES;
				GCC_WARN_64_TO_32_BIT_CONVERSION = YES;
				GCC_WARN_ABOUT_RETURN_TYPE = YES_ERROR;
				GCC_WARN_UNDECLARED_SELECTOR = YES;
				GCC_WARN_UNINITIALIZED_AUTOS = YES_AGGRESSIVE;
				GCC_WARN_UNUSED_FUNCTION = YES;
				GCC_WARN_UNUSED_VARIABLE = YES;
				IPHONEOS_DEPLOYMENT_TARGET = 12.2;
				MTL_ENABLE_DEBUG_INFO = NO;
				MTL_FAST_MATH = YES;
				SDKROOT = iphoneos;
				SWIFT_COMPILATION_MODE = wholemodule;
				SWIFT_OPTIMIZATION_LEVEL = "-O";
				VALIDATE_PRODUCT = YES;
			};
			name = Release;
		};
		18F94EF3231D617700AB8287 /* Debug */ = {
			isa = XCBuildConfiguration;
			buildSettings = {
				ASSETCATALOG_COMPILER_APPICON_NAME = AppIcon;
				CODE_SIGN_STYLE = Automatic;
				DEVELOPMENT_TEAM = 3A4AW27LGC;
				INFOPLIST_FILE = VideoPlayer/Info.plist;
				LD_RUNPATH_SEARCH_PATHS = (
					"$(inherited)",
					"@executable_path/Frameworks",
				);
				PRODUCT_BUNDLE_IDENTIFIER = com.myWorld.VideoPlayer;
				PRODUCT_NAME = "$(TARGET_NAME)";
				SWIFT_VERSION = 5.0;
				TARGETED_DEVICE_FAMILY = "1,2";
			};
			name = Debug;
		};
		18F94EF4231D617700AB8287 /* Release */ = {
			isa = XCBuildConfiguration;
			buildSettings = {
				ASSETCATALOG_COMPILER_APPICON_NAME = AppIcon;
				CODE_SIGN_STYLE = Automatic;
				DEVELOPMENT_TEAM = 3A4AW27LGC;
				INFOPLIST_FILE = VideoPlayer/Info.plist;
				LD_RUNPATH_SEARCH_PATHS = (
					"$(inherited)",
					"@executable_path/Frameworks",
				);
				PRODUCT_BUNDLE_IDENTIFIER = com.myWorld.VideoPlayer;
				PRODUCT_NAME = "$(TARGET_NAME)";
				SWIFT_VERSION = 5.0;
				TARGETED_DEVICE_FAMILY = "1,2";
			};
			name = Release;
		};
/* End XCBuildConfiguration section */

/* Begin XCConfigurationList section */
		18F94EDB231D617600AB8287 /* Build configuration list for PBXProject "VideoPlayer" */ = {
			isa = XCConfigurationList;
			buildConfigurations = (
				18F94EF0231D617700AB8287 /* Debug */,
				18F94EF1231D617700AB8287 /* Release */,
			);
			defaultConfigurationIsVisible = 0;
			defaultConfigurationName = Release;
		};
		18F94EF2231D617700AB8287 /* Build configuration list for PBXNativeTarget "VideoPlayer" */ = {
			isa = XCConfigurationList;
			buildConfigurations = (
				18F94EF3231D617700AB8287 /* Debug */,
				18F94EF4231D617700AB8287 /* Release */,
			);
			defaultConfigurationIsVisible = 0;
			defaultConfigurationName = Release;
		};
/* End XCConfigurationList section */
	};
	rootObject = 18F94ED8231D617600AB8287 /* Project object */;
}
